
Microsoft Visual Studio Solution File, Format Version 12.00
# Visual Studio Version 17
VisualStudioVersion = 17.9.34728.123
MinimumVisualStudioVersion = 10.0.40219.1
Project("{FAE04EC0-301F-11D3-BF4B-00C04F79EFBC}") = "Expense Tracker", "Expense Tracker.csproj", "{B4E04B38-B604-4B4B-AF25-DF7F588F5EC2}"
EndProject
Global
	GlobalSection(SolutionConfigurationPlatforms) = preSolution
		Debug|Any CPU = Debug|Any CPU
		Release|Any CPU = Release|Any CPU
	EndGlobalSection
	GlobalSection(ProjectConfigurationPlatforms) = postSolution
		{B4E04B38-B604-4B4B-AF25-DF7F588F5EC2}.Debug|Any CPU.ActiveCfg = Debug|Any CPU
		{B4E04B38-B604-4B4B-AF25-DF7F588F5EC2}.Debug|Any CPU.Build.0 = Debug|Any CPU
		{B4E04B38-B604-4B4B-AF25-DF7F588F5EC2}.Release|Any CPU.ActiveCfg = Release|Any CPU
		{B4E04B38-B604-4B4B-AF25-DF7F588F5EC2}.Release|Any CPU.Build.0 = Release|Any CPU
	EndGlobalSection
	GlobalSection(SolutionProperties) = preSolution
		HideSolutionNode = FALSE
	EndGlobalSection
	GlobalSection(ExtensibilityGlobals) = postSolution
		SolutionGuid = {C4D8A75C-F22D-4875-B4A5-37972F1FA4D3}
	EndGlobalSection
EndGlobal
